
Microsoft Visual Studio Solution File, Format Version 12.00
# Visual Studio Version 17
VisualStudioVersion = 17.7.34031.279
MinimumVisualStudioVersion = 10.0.40219.1
Project("{FAE04EC0-301F-11D3-BF4B-00C04F79EFBC}") = "Cohen-Sutherland-CLI", "Cohen-Sutherland-CLI\Cohen-Sutherland-CLI.csproj", "{BB8D4322-0B06-492E-8EE0-AB591AD58303}"
EndProject
Global
	GlobalSection(SolutionConfigurationPlatforms) = preSolution
		Debug|Any CPU = Debug|Any CPU
		Release|Any CPU = Release|Any CPU
	EndGlobalSection
	GlobalSection(ProjectConfigurationPlatforms) = postSolution
		{BB8D4322-0B06-492E-8EE0-AB591AD58303}.Debug|Any CPU.ActiveCfg = Debug|Any CPU
		{BB8D4322-0B06-492E-8EE0-AB591AD58303}.Debug|Any CPU.Build.0 = Debug|Any CPU
		{BB8D4322-0B06-492E-8EE0-AB591AD58303}.Release|Any CPU.ActiveCfg = Release|Any CPU
		{BB8D4322-0B06-492E-8EE0-AB591AD58303}.Release|Any CPU.Build.0 = Release|Any CPU
	EndGlobalSection
	GlobalSection(SolutionProperties) = preSolution
		HideSolutionNode = FALSE
	EndGlobalSection
	GlobalSection(ExtensibilityGlobals) = postSolution
		SolutionGuid = {324A3E81-0FFE-4719-B535-F822A4D4E13A}
	EndGlobalSection
EndGlobal
